
Microsoft Visual Studio Solution File, Format Version 12.00
# Visual Studio Version 17
VisualStudioVersion = 17.9.34723.18
MinimumVisualStudioVersion = 10.0.40219.1
Project("{FAE04EC0-301F-11D3-BF4B-00C04F79EFBC}") = "AuthenticationAndAuthorizationAPI", "AuthenticationAndAuthorizationAPI\AuthenticationAndAuthorizationAPI.csproj", "{B6B775F9-1F98-4263-860C-F482E1B3FC3E}"
EndProject
Global
	GlobalSection(SolutionConfigurationPlatforms) = preSolution
		Debug|Any CPU = Debug|Any CPU
		Release|Any CPU = Release|Any CPU
	EndGlobalSection
	GlobalSection(ProjectConfigurationPlatforms) = postSolution
		{B6B775F9-1F98-4263-860C-F482E1B3FC3E}.Debug|Any CPU.ActiveCfg = Debug|Any CPU
		{B6B775F9-1F98-4263-860C-F482E1B3FC3E}.Debug|Any CPU.Build.0 = Debug|Any CPU
		{B6B775F9-1F98-4263-860C-F482E1B3FC3E}.Release|Any CPU.ActiveCfg = Release|Any CPU
		{B6B775F9-1F98-4263-860C-F482E1B3FC3E}.Release|Any CPU.Build.0 = Release|Any CPU
	EndGlobalSection
	GlobalSection(SolutionProperties) = preSolution
		HideSolutionNode = FALSE
	EndGlobalSection
	GlobalSection(ExtensibilityGlobals) = postSolution
		SolutionGuid = {CC511653-264E-4081-8C93-0C864A43EA9D}
	EndGlobalSection
EndGlobal
